
Microsoft Visual Studio Solution File, Format Version 12.00
# Visual Studio 15
VisualStudioVersion = 15.0.28307.1340
MinimumVisualStudioVersion = 10.0.40219.1
Project("{FAE04EC0-301F-11D3-BF4B-00C04F79EFBC}") = "StarMed.UI.MVC", "StarMed.UI.MVC\StarMed.UI.MVC.csproj", "{77E4DC23-DB97-4517-A177-FF13406C567A}"
EndProject
Global
	GlobalSection(SolutionConfigurationPlatforms) = preSolution
		Debug|Any CPU = Debug|Any CPU
		Release|Any CPU = Release|Any CPU
	EndGlobalSection
	GlobalSection(ProjectConfigurationPlatforms) = postSolution
		{77E4DC23-DB97-4517-A177-FF13406C567A}.Debug|Any CPU.ActiveCfg = Debug|Any CPU
		{77E4DC23-DB97-4517-A177-FF13406C567A}.Debug|Any CPU.Build.0 = Debug|Any CPU
		{77E4DC23-DB97-4517-A177-FF13406C567A}.Release|Any CPU.ActiveCfg = Release|Any CPU
		{77E4DC23-DB97-4517-A177-FF13406C567A}.Release|Any CPU.Build.0 = Release|Any CPU
	EndGlobalSection
	GlobalSection(SolutionProperties) = preSolution
		HideSolutionNode = FALSE
	EndGlobalSection
	GlobalSection(ExtensibilityGlobals) = postSolution
		SolutionGuid = {6A4BB269-934F-4CFA-ACEE-EAE42B45B19D}
	EndGlobalSection
EndGlobal
